
Microsoft Visual Studio Solution File, Format Version 12.00
# Visual Studio 15
VisualStudioVersion = 15.0.27428.2002
MinimumVisualStudioVersion = 10.0.40219.1
Project("{FAE04EC0-301F-11D3-BF4B-00C04F79EFBC}") = "ImageGallery", "ImageGallery\ImageGallery.csproj", "{1749B926-9AE2-414E-BFF1-8C2320108F61}"
EndProject
Global
	GlobalSection(SolutionConfigurationPlatforms) = preSolution
		Debug|Any CPU = Debug|Any CPU
		Release|Any CPU = Release|Any CPU
	EndGlobalSection
	GlobalSection(ProjectConfigurationPlatforms) = postSolution
		{1749B926-9AE2-414E-BFF1-8C2320108F61}.Debug|Any CPU.ActiveCfg = Debug|Any CPU
		{1749B926-9AE2-414E-BFF1-8C2320108F61}.Debug|Any CPU.Build.0 = Debug|Any CPU
		{1749B926-9AE2-414E-BFF1-8C2320108F61}.Release|Any CPU.ActiveCfg = Release|Any CPU
		{1749B926-9AE2-414E-BFF1-8C2320108F61}.Release|Any CPU.Build.0 = Release|Any CPU
	EndGlobalSection
	GlobalSection(SolutionProperties) = preSolution
		HideSolutionNode = FALSE
	EndGlobalSection
	GlobalSection(ExtensibilityGlobals) = postSolution
		SolutionGuid = {BA603B86-0E86-41E3-939E-94BFD238987C}
	EndGlobalSection
EndGlobal
